
Microsoft Visual Studio Solution File, Format Version 12.00
# Visual Studio Version 17
VisualStudioVersion = 17.8.34525.116
MinimumVisualStudioVersion = 10.0.40219.1
Project("{9A19103F-16F7-4668-BE54-9A1E7A4F7556}") = "FyersApiByGc", "FyersApiByGc\FyersApiByGc.csproj", "{A57169F4-B4C1-48FA-A8A9-7DEA24B7975B}"
EndProject
Project("{9A19103F-16F7-4668-BE54-9A1E7A4F7556}") = "RMS", "RMS\RMS.csproj", "{EA386DD3-482C-412C-A74D-56F4D0CBA5A5}"
EndProject
Project("{9A19103F-16F7-4668-BE54-9A1E7A4F7556}") = "ApiBridge", "ApiBridge\ApiBridge.csproj", "{5CFA5FFC-967B-4449-9D25-81940B1B7B21}"
EndProject
Project("{9A19103F-16F7-4668-BE54-9A1E7A4F7556}") = "Api", "Api\Api.csproj", "{AFD22AF2-4E96-4539-A845-1BFE58A37B21}"
EndProject
Project("{9A19103F-16F7-4668-BE54-9A1E7A4F7556}") = "GCLibrary", "GCLibrary\GCLibrary.csproj", "{13E37456-7A90-47F9-89CB-3842ADC514F5}"
EndProject
Project("{FAE04EC0-301F-11D3-BF4B-00C04F79EFBC}") = "Test", "Test\Test.csproj", "{3DDAF552-B43D-42FB-9FC0-19C75AD67C29}"
EndProject
Global
	GlobalSection(SolutionConfigurationPlatforms) = preSolution
		Debug|Any CPU = Debug|Any CPU
		Release|Any CPU = Release|Any CPU
	EndGlobalSection
	GlobalSection(ProjectConfigurationPlatforms) = postSolution
		{A57169F4-B4C1-48FA-A8A9-7DEA24B7975B}.Debug|Any CPU.ActiveCfg = Debug|Any CPU
		{A57169F4-B4C1-48FA-A8A9-7DEA24B7975B}.Debug|Any CPU.Build.0 = Debug|Any CPU
		{A57169F4-B4C1-48FA-A8A9-7DEA24B7975B}.Release|Any CPU.ActiveCfg = Release|Any CPU
		{A57169F4-B4C1-48FA-A8A9-7DEA24B7975B}.Release|Any CPU.Build.0 = Release|Any CPU
		{EA386DD3-482C-412C-A74D-56F4D0CBA5A5}.Debug|Any CPU.ActiveCfg = Debug|Any CPU
		{EA386DD3-482C-412C-A74D-56F4D0CBA5A5}.Debug|Any CPU.Build.0 = Debug|Any CPU
		{EA386DD3-482C-412C-A74D-56F4D0CBA5A5}.Release|Any CPU.ActiveCfg = Release|Any CPU
		{EA386DD3-482C-412C-A74D-56F4D0CBA5A5}.Release|Any CPU.Build.0 = Release|Any CPU
		{5CFA5FFC-967B-4449-9D25-81940B1B7B21}.Debug|Any CPU.ActiveCfg = Debug|Any CPU
		{5CFA5FFC-967B-4449-9D25-81940B1B7B21}.Debug|Any CPU.Build.0 = Debug|Any CPU
		{5CFA5FFC-967B-4449-9D25-81940B1B7B21}.Release|Any CPU.ActiveCfg = Release|Any CPU
		{5CFA5FFC-967B-4449-9D25-81940B1B7B21}.Release|Any CPU.Build.0 = Release|Any CPU
		{AFD22AF2-4E96-4539-A845-1BFE58A37B21}.Debug|Any CPU.ActiveCfg = Debug|Any CPU
		{AFD22AF2-4E96-4539-A845-1BFE58A37B21}.Debug|Any CPU.Build.0 = Debug|Any CPU
		{AFD22AF2-4E96-4539-A845-1BFE58A37B21}.Release|Any CPU.ActiveCfg = Release|Any CPU
		{AFD22AF2-4E96-4539-A845-1BFE58A37B21}.Release|Any CPU.Build.0 = Release|Any CPU
		{13E37456-7A90-47F9-89CB-3842ADC514F5}.Debug|Any CPU.ActiveCfg = Debug|Any CPU
		{13E37456-7A90-47F9-89CB-3842ADC514F5}.Debug|Any CPU.Build.0 = Debug|Any CPU
		{13E37456-7A90-47F9-89CB-3842ADC514F5}.Release|Any CPU.ActiveCfg = Release|Any CPU
		{13E37456-7A90-47F9-89CB-3842ADC514F5}.Release|Any CPU.Build.0 = Release|Any CPU
		{3DDAF552-B43D-42FB-9FC0-19C75AD67C29}.Debug|Any CPU.ActiveCfg = Debug|Any CPU
		{3DDAF552-B43D-42FB-9FC0-19C75AD67C29}.Debug|Any CPU.Build.0 = Debug|Any CPU
		{3DDAF552-B43D-42FB-9FC0-19C75AD67C29}.Release|Any CPU.ActiveCfg = Release|Any CPU
		{3DDAF552-B43D-42FB-9FC0-19C75AD67C29}.Release|Any CPU.Build.0 = Release|Any CPU
	EndGlobalSection
	GlobalSection(SolutionProperties) = preSolution
		HideSolutionNode = FALSE
	EndGlobalSection
	GlobalSection(ExtensibilityGlobals) = postSolution
		SolutionGuid = {CDC1A72E-258C-4C79-99A1-8F87A74211B7}
	EndGlobalSection
EndGlobal
